
Microsoft Visual Studio Solution File, Format Version 12.00
# Visual Studio Version 17
VisualStudioVersion = 17.8.34330.188
MinimumVisualStudioVersion = 10.0.40219.1
Project("{FAE04EC0-301F-11D3-BF4B-00C04F79EFBC}") = "ArrayExSheet", "ArrayExSheet.csproj", "{3227CDE8-A920-4A3E-B745-042F588C5963}"
EndProject
Project("{2150E333-8FDC-42A3-9474-1A3956D46DE8}") = "Tests", "Tests", "{3CD09043-C906-4FC6-BAE1-A7FAA85062FF}"
EndProject
Project("{FAE04EC0-301F-11D3-BF4B-00C04F79EFBC}") = "Arrays.Test", "..\Tests\Arrays.Test\Arrays.Test.csproj", "{C85212FF-1812-4D89-B542-E64AE66965EB}"
EndProject
Global
	GlobalSection(SolutionConfigurationPlatforms) = preSolution
		Debug|Any CPU = Debug|Any CPU
		Release|Any CPU = Release|Any CPU
	EndGlobalSection
	GlobalSection(ProjectConfigurationPlatforms) = postSolution
		{3227CDE8-A920-4A3E-B745-042F588C5963}.Debug|Any CPU.ActiveCfg = Debug|Any CPU
		{3227CDE8-A920-4A3E-B745-042F588C5963}.Debug|Any CPU.Build.0 = Debug|Any CPU
		{3227CDE8-A920-4A3E-B745-042F588C5963}.Release|Any CPU.ActiveCfg = Release|Any CPU
		{3227CDE8-A920-4A3E-B745-042F588C5963}.Release|Any CPU.Build.0 = Release|Any CPU
		{C85212FF-1812-4D89-B542-E64AE66965EB}.Debug|Any CPU.ActiveCfg = Debug|Any CPU
		{C85212FF-1812-4D89-B542-E64AE66965EB}.Debug|Any CPU.Build.0 = Debug|Any CPU
		{C85212FF-1812-4D89-B542-E64AE66965EB}.Release|Any CPU.ActiveCfg = Release|Any CPU
		{C85212FF-1812-4D89-B542-E64AE66965EB}.Release|Any CPU.Build.0 = Release|Any CPU
	EndGlobalSection
	GlobalSection(SolutionProperties) = preSolution
		HideSolutionNode = FALSE
	EndGlobalSection
	GlobalSection(NestedProjects) = preSolution
		{C85212FF-1812-4D89-B542-E64AE66965EB} = {3CD09043-C906-4FC6-BAE1-A7FAA85062FF}
	EndGlobalSection
	GlobalSection(ExtensibilityGlobals) = postSolution
		SolutionGuid = {4BA4A322-C172-4CAB-8C01-2191443E7219}
	EndGlobalSection
EndGlobal
